
Microsoft Visual Studio Solution File, Format Version 12.00
# Visual Studio Version 16
VisualStudioVersion = 16.0.32228.343
MinimumVisualStudioVersion = 10.0.40219.1
Project("{FAE04EC0-301F-11D3-BF4B-00C04F79EFBC}") = "TanımlamaErişimDöngüler", "TanımlamaErişimDöngüler\TanımlamaErişimDöngüler.csproj", "{BC29B0B0-868A-4867-8756-64EC92FED948}"
EndProject
Global
	GlobalSection(SolutionConfigurationPlatforms) = preSolution
		Debug|Any CPU = Debug|Any CPU
		Release|Any CPU = Release|Any CPU
	EndGlobalSection
	GlobalSection(ProjectConfigurationPlatforms) = postSolution
		{BC29B0B0-868A-4867-8756-64EC92FED948}.Debug|Any CPU.ActiveCfg = Debug|Any CPU
		{BC29B0B0-868A-4867-8756-64EC92FED948}.Debug|Any CPU.Build.0 = Debug|Any CPU
		{BC29B0B0-868A-4867-8756-64EC92FED948}.Release|Any CPU.ActiveCfg = Release|Any CPU
		{BC29B0B0-868A-4867-8756-64EC92FED948}.Release|Any CPU.Build.0 = Release|Any CPU
	EndGlobalSection
	GlobalSection(SolutionProperties) = preSolution
		HideSolutionNode = FALSE
	EndGlobalSection
	GlobalSection(ExtensibilityGlobals) = postSolution
		SolutionGuid = {FC4C9080-1B89-4812-929D-3D7F1AF286D9}
	EndGlobalSection
EndGlobal
