
Microsoft Visual Studio Solution File, Format Version 12.00
# Visual Studio Version 16
VisualStudioVersion = 16.0.32228.343
MinimumVisualStudioVersion = 10.0.40219.1
Project("{FAE04EC0-301F-11D3-BF4B-00C04F79EFBC}") = "Karar Yapıları", "Karar Yapıları\Karar Yapıları.csproj", "{B7DCE0A0-F332-452A-8C8F-4A47FAC7C073}"
EndProject
Global
	GlobalSection(SolutionConfigurationPlatforms) = preSolution
		Debug|Any CPU = Debug|Any CPU
		Release|Any CPU = Release|Any CPU
	EndGlobalSection
	GlobalSection(ProjectConfigurationPlatforms) = postSolution
		{B7DCE0A0-F332-452A-8C8F-4A47FAC7C073}.Debug|Any CPU.ActiveCfg = Debug|Any CPU
		{B7DCE0A0-F332-452A-8C8F-4A47FAC7C073}.Debug|Any CPU.Build.0 = Debug|Any CPU
		{B7DCE0A0-F332-452A-8C8F-4A47FAC7C073}.Release|Any CPU.ActiveCfg = Release|Any CPU
		{B7DCE0A0-F332-452A-8C8F-4A47FAC7C073}.Release|Any CPU.Build.0 = Release|Any CPU
	EndGlobalSection
	GlobalSection(SolutionProperties) = preSolution
		HideSolutionNode = FALSE
	EndGlobalSection
	GlobalSection(ExtensibilityGlobals) = postSolution
		SolutionGuid = {B765B8BF-BA79-4107-9949-F047749AAEFA}
	EndGlobalSection
EndGlobal
