
Microsoft Visual Studio Solution File, Format Version 12.00
# Visual Studio Version 16
VisualStudioVersion = 16.0.32228.343
MinimumVisualStudioVersion = 10.0.40219.1
Project("{FAE04EC0-301F-11D3-BF4B-00C04F79EFBC}") = "MetotOverloading", "MetotOverloading\MetotOverloading.csproj", "{42A709E4-135E-4350-BB4D-9DD1B5063621}"
EndProject
Global
	GlobalSection(SolutionConfigurationPlatforms) = preSolution
		Debug|Any CPU = Debug|Any CPU
		Release|Any CPU = Release|Any CPU
	EndGlobalSection
	GlobalSection(ProjectConfigurationPlatforms) = postSolution
		{42A709E4-135E-4350-BB4D-9DD1B5063621}.Debug|Any CPU.ActiveCfg = Debug|Any CPU
		{42A709E4-135E-4350-BB4D-9DD1B5063621}.Debug|Any CPU.Build.0 = Debug|Any CPU
		{42A709E4-135E-4350-BB4D-9DD1B5063621}.Release|Any CPU.ActiveCfg = Release|Any CPU
		{42A709E4-135E-4350-BB4D-9DD1B5063621}.Release|Any CPU.Build.0 = Release|Any CPU
	EndGlobalSection
	GlobalSection(SolutionProperties) = preSolution
		HideSolutionNode = FALSE
	EndGlobalSection
	GlobalSection(ExtensibilityGlobals) = postSolution
		SolutionGuid = {A3A638F4-8464-426B-A36F-D680AC039CF2}
	EndGlobalSection
EndGlobal
