
Microsoft Visual Studio Solution File, Format Version 12.00
# Visual Studio Version 16
VisualStudioVersion = 16.0.32228.343
MinimumVisualStudioVersion = 10.0.40219.1
Project("{FAE04EC0-301F-11D3-BF4B-00C04F79EFBC}") = "ToDo Uygulamasi", "ToDo Uygulamasi\ToDo Uygulamasi.csproj", "{C416D5CF-5246-468E-B81D-6B6280DFCBFC}"
EndProject
Global
	GlobalSection(SolutionConfigurationPlatforms) = preSolution
		Debug|Any CPU = Debug|Any CPU
		Release|Any CPU = Release|Any CPU
	EndGlobalSection
	GlobalSection(ProjectConfigurationPlatforms) = postSolution
		{C416D5CF-5246-468E-B81D-6B6280DFCBFC}.Debug|Any CPU.ActiveCfg = Debug|Any CPU
		{C416D5CF-5246-468E-B81D-6B6280DFCBFC}.Debug|Any CPU.Build.0 = Debug|Any CPU
		{C416D5CF-5246-468E-B81D-6B6280DFCBFC}.Release|Any CPU.ActiveCfg = Release|Any CPU
		{C416D5CF-5246-468E-B81D-6B6280DFCBFC}.Release|Any CPU.Build.0 = Release|Any CPU
	EndGlobalSection
	GlobalSection(SolutionProperties) = preSolution
		HideSolutionNode = FALSE
	EndGlobalSection
	GlobalSection(ExtensibilityGlobals) = postSolution
		SolutionGuid = {805906BB-8C49-4BFE-8E02-3EF9A84A0AC5}
	EndGlobalSection
EndGlobal
