
Microsoft Visual Studio Solution File, Format Version 12.00
# Visual Studio Version 16
VisualStudioVersion = 16.0.32228.343
MinimumVisualStudioVersion = 10.0.40219.1
Project("{FAE04EC0-301F-11D3-BF4B-00C04F79EFBC}") = "Koleksiyonlar", "Koleksiyonlar\Koleksiyonlar.csproj", "{5F87FAA8-7524-459A-9060-1A8AFDC4E1C9}"
EndProject
Global
	GlobalSection(SolutionConfigurationPlatforms) = preSolution
		Debug|Any CPU = Debug|Any CPU
		Release|Any CPU = Release|Any CPU
	EndGlobalSection
	GlobalSection(ProjectConfigurationPlatforms) = postSolution
		{5F87FAA8-7524-459A-9060-1A8AFDC4E1C9}.Debug|Any CPU.ActiveCfg = Debug|Any CPU
		{5F87FAA8-7524-459A-9060-1A8AFDC4E1C9}.Debug|Any CPU.Build.0 = Debug|Any CPU
		{5F87FAA8-7524-459A-9060-1A8AFDC4E1C9}.Release|Any CPU.ActiveCfg = Release|Any CPU
		{5F87FAA8-7524-459A-9060-1A8AFDC4E1C9}.Release|Any CPU.Build.0 = Release|Any CPU
	EndGlobalSection
	GlobalSection(SolutionProperties) = preSolution
		HideSolutionNode = FALSE
	EndGlobalSection
	GlobalSection(ExtensibilityGlobals) = postSolution
		SolutionGuid = {178B7171-AC24-4555-8511-330D22A260A9}
	EndGlobalSection
EndGlobal
