
Microsoft Visual Studio Solution File, Format Version 12.00
# Visual Studio Version 16
VisualStudioVersion = 16.0.32228.343
MinimumVisualStudioVersion = 10.0.40219.1
Project("{FAE04EC0-301F-11D3-BF4B-00C04F79EFBC}") = "Koleksiyonlar_Soru_2", "Koleksiyonlar_Soru_2\Koleksiyonlar_Soru_2.csproj", "{C879F427-4DBD-45FC-A529-B2C21E58E80F}"
EndProject
Global
	GlobalSection(SolutionConfigurationPlatforms) = preSolution
		Debug|Any CPU = Debug|Any CPU
		Release|Any CPU = Release|Any CPU
	EndGlobalSection
	GlobalSection(ProjectConfigurationPlatforms) = postSolution
		{C879F427-4DBD-45FC-A529-B2C21E58E80F}.Debug|Any CPU.ActiveCfg = Debug|Any CPU
		{C879F427-4DBD-45FC-A529-B2C21E58E80F}.Debug|Any CPU.Build.0 = Debug|Any CPU
		{C879F427-4DBD-45FC-A529-B2C21E58E80F}.Release|Any CPU.ActiveCfg = Release|Any CPU
		{C879F427-4DBD-45FC-A529-B2C21E58E80F}.Release|Any CPU.Build.0 = Release|Any CPU
	EndGlobalSection
	GlobalSection(SolutionProperties) = preSolution
		HideSolutionNode = FALSE
	EndGlobalSection
	GlobalSection(ExtensibilityGlobals) = postSolution
		SolutionGuid = {464740F2-04F6-469E-8E1E-4CF3A8A8D419}
	EndGlobalSection
EndGlobal
